
Microsoft Visual Studio Solution File, Format Version 12.00
# Visual Studio Version 16
VisualStudioVersion = 16.0.30320.27
MinimumVisualStudioVersion = 10.0.40219.1
Project("{8BC9CEB8-8B4A-11D0-8D11-00A0C91BC942}") = "tests", "tests\tests.vcxproj", "{08E921B7-14CF-4276-B962-00488A30EBC5}"
EndProject
Project("{8BC9CEB8-8B4A-11D0-8D11-00A0C91BC942}") = "algorithms", "algorithms\algorithms.vcxproj", "{17D61EDD-0A5B-44C4-942F-155FED9FA8FF}"
EndProject
Project("{8BC9CEB8-8B4A-11D0-8D11-00A0C91BC942}") = "concepts", "concepts\concepts.vcxproj", "{6CCA1517-9321-4740-8C5E-80EE10BDF546}"
EndProject
Project("{8BC9CEB8-8B4A-11D0-8D11-00A0C91BC942}") = "concurrency", "concurrency\concurrency.vcxproj", "{4081392C-75AA-46DC-9D95-CE4D88DF5FE2}"
EndProject
Project("{8BC9CEB8-8B4A-11D0-8D11-00A0C91BC942}") = "datetime", "datetime\datetime.vcxproj", "{F087EA0B-C929-41D5-ADE2-FEEF9AE1324E}"
EndProject
Project("{8BC9CEB8-8B4A-11D0-8D11-00A0C91BC942}") = "diagnostics", "diagnostics\diagnostics.vcxproj", "{4BE25999-1724-4A8B-A0CA-152E74FB3350}"
EndProject
Project("{8BC9CEB8-8B4A-11D0-8D11-00A0C91BC942}") = "inputoutput", "inputoutput\inputoutput.vcxproj", "{FD07DC74-8A55-4E5F-9161-427FA341DB08}"
EndProject
Project("{8BC9CEB8-8B4A-11D0-8D11-00A0C91BC942}") = "iterators", "iterators\iterators.vcxproj", "{7F247BB0-70C7-497D-9E3D-63F647B081E7}"
EndProject
Project("{8BC9CEB8-8B4A-11D0-8D11-00A0C91BC942}") = "language", "language\language.vcxproj", "{46219136-3BC3-4DBE-B178-3ABE8920C1C2}"
EndProject
Project("{8BC9CEB8-8B4A-11D0-8D11-00A0C91BC942}") = "localization", "localization\localization.vcxproj", "{26CCD963-E2ED-4D50-BB42-872F522FD3D9}"
EndProject
Project("{8BC9CEB8-8B4A-11D0-8D11-00A0C91BC942}") = "memory", "memory\memory.vcxproj", "{5A31789B-D59C-49B1-903B-5456C3D9F654}"
EndProject
Project("{8BC9CEB8-8B4A-11D0-8D11-00A0C91BC942}") = "metaprogramming", "metaprogramming\metaprogramming.vcxproj", "{0A4AFC36-849E-4A57-A0EE-37386207DE59}"
EndProject
Project("{8BC9CEB8-8B4A-11D0-8D11-00A0C91BC942}") = "numerics", "numerics\numerics.vcxproj", "{481B7AD0-ADDC-49D4-A7D2-C476D0163243}"
EndProject
Project("{8BC9CEB8-8B4A-11D0-8D11-00A0C91BC942}") = "ranges", "ranges\ranges.vcxproj", "{16C1B7C4-817A-4A5D-9FD6-70B67B2BB1A5}"
EndProject
Project("{8BC9CEB8-8B4A-11D0-8D11-00A0C91BC942}") = "regex", "regex\regex.vcxproj", "{52B60998-B036-482A-98EB-723D60D81A56}"
EndProject
Project("{8BC9CEB8-8B4A-11D0-8D11-00A0C91BC942}") = "strings", "strings\strings.vcxproj", "{B83BEC95-ECEA-4053-8FB4-B3E4DE1B12F1}"
EndProject
Project("{8BC9CEB8-8B4A-11D0-8D11-00A0C91BC942}") = "utilities", "utilities\utilities.vcxproj", "{054F001D-F88D-43A6-ADB9-A24E9BEED50E}"
EndProject
Project("{8BC9CEB8-8B4A-11D0-8D11-00A0C91BC942}") = "containers", "containers\containers.vcxproj", "{07931907-9DEB-448F-B021-5F00837C70DD}"
EndProject
Global
	GlobalSection(SolutionConfigurationPlatforms) = preSolution
		Debug|x64 = Debug|x64
		Debug|x86 = Debug|x86
		Release|x64 = Release|x64
		Release|x86 = Release|x86
	EndGlobalSection
	GlobalSection(ProjectConfigurationPlatforms) = postSolution
		{08E921B7-14CF-4276-B962-00488A30EBC5}.Debug|x64.ActiveCfg = Debug|x64
		{08E921B7-14CF-4276-B962-00488A30EBC5}.Debug|x64.Build.0 = Debug|x64
		{08E921B7-14CF-4276-B962-00488A30EBC5}.Debug|x86.ActiveCfg = Debug|x64
		{08E921B7-14CF-4276-B962-00488A30EBC5}.Debug|x86.Build.0 = Debug|x64
		{08E921B7-14CF-4276-B962-00488A30EBC5}.Release|x64.ActiveCfg = Debug|x64
		{08E921B7-14CF-4276-B962-00488A30EBC5}.Release|x64.Build.0 = Debug|x64
		{08E921B7-14CF-4276-B962-00488A30EBC5}.Release|x86.ActiveCfg = Debug|x64
		{08E921B7-14CF-4276-B962-00488A30EBC5}.Release|x86.Build.0 = Debug|x64
		{17D61EDD-0A5B-44C4-942F-155FED9FA8FF}.Debug|x64.ActiveCfg = Debug|x64
		{17D61EDD-0A5B-44C4-942F-155FED9FA8FF}.Debug|x64.Build.0 = Debug|x64
		{17D61EDD-0A5B-44C4-942F-155FED9FA8FF}.Debug|x86.ActiveCfg = Debug|Win32
		{17D61EDD-0A5B-44C4-942F-155FED9FA8FF}.Debug|x86.Build.0 = Debug|Win32
		{17D61EDD-0A5B-44C4-942F-155FED9FA8FF}.Release|x64.ActiveCfg = Release|x64
		{17D61EDD-0A5B-44C4-942F-155FED9FA8FF}.Release|x64.Build.0 = Release|x64
		{17D61EDD-0A5B-44C4-942F-155FED9FA8FF}.Release|x86.ActiveCfg = Release|Win32
		{17D61EDD-0A5B-44C4-942F-155FED9FA8FF}.Release|x86.Build.0 = Release|Win32
		{6CCA1517-9321-4740-8C5E-80EE10BDF546}.Debug|x64.ActiveCfg = Debug|x64
		{6CCA1517-9321-4740-8C5E-80EE10BDF546}.Debug|x64.Build.0 = Debug|x64
		{6CCA1517-9321-4740-8C5E-80EE10BDF546}.Debug|x86.ActiveCfg = Debug|Win32
		{6CCA1517-9321-4740-8C5E-80EE10BDF546}.Debug|x86.Build.0 = Debug|Win32
		{6CCA1517-9321-4740-8C5E-80EE10BDF546}.Release|x64.ActiveCfg = Release|x64
		{6CCA1517-9321-4740-8C5E-80EE10BDF546}.Release|x64.Build.0 = Release|x64
		{6CCA1517-9321-4740-8C5E-80EE10BDF546}.Release|x86.ActiveCfg = Release|Win32
		{6CCA1517-9321-4740-8C5E-80EE10BDF546}.Release|x86.Build.0 = Release|Win32
		{4081392C-75AA-46DC-9D95-CE4D88DF5FE2}.Debug|x64.ActiveCfg = Debug|x64
		{4081392C-75AA-46DC-9D95-CE4D88DF5FE2}.Debug|x64.Build.0 = Debug|x64
		{4081392C-75AA-46DC-9D95-CE4D88DF5FE2}.Debug|x86.ActiveCfg = Debug|Win32
		{4081392C-75AA-46DC-9D95-CE4D88DF5FE2}.Debug|x86.Build.0 = Debug|Win32
		{4081392C-75AA-46DC-9D95-CE4D88DF5FE2}.Release|x64.ActiveCfg = Release|x64
		{4081392C-75AA-46DC-9D95-CE4D88DF5FE2}.Release|x64.Build.0 = Release|x64
		{4081392C-75AA-46DC-9D95-CE4D88DF5FE2}.Release|x86.ActiveCfg = Release|Win32
		{4081392C-75AA-46DC-9D95-CE4D88DF5FE2}.Release|x86.Build.0 = Release|Win32
		{F087EA0B-C929-41D5-ADE2-FEEF9AE1324E}.Debug|x64.ActiveCfg = Debug|x64
		{F087EA0B-C929-41D5-ADE2-FEEF9AE1324E}.Debug|x64.Build.0 = Debug|x64
		{F087EA0B-C929-41D5-ADE2-FEEF9AE1324E}.Debug|x86.ActiveCfg = Debug|Win32
		{F087EA0B-C929-41D5-ADE2-FEEF9AE1324E}.Debug|x86.Build.0 = Debug|Win32
		{F087EA0B-C929-41D5-ADE2-FEEF9AE1324E}.Release|x64.ActiveCfg = Release|x64
		{F087EA0B-C929-41D5-ADE2-FEEF9AE1324E}.Release|x64.Build.0 = Release|x64
		{F087EA0B-C929-41D5-ADE2-FEEF9AE1324E}.Release|x86.ActiveCfg = Release|Win32
		{F087EA0B-C929-41D5-ADE2-FEEF9AE1324E}.Release|x86.Build.0 = Release|Win32
		{4BE25999-1724-4A8B-A0CA-152E74FB3350}.Debug|x64.ActiveCfg = Debug|x64
		{4BE25999-1724-4A8B-A0CA-152E74FB3350}.Debug|x64.Build.0 = Debug|x64
		{4BE25999-1724-4A8B-A0CA-152E74FB3350}.Debug|x86.ActiveCfg = Debug|Win32
		{4BE25999-1724-4A8B-A0CA-152E74FB3350}.Debug|x86.Build.0 = Debug|Win32
		{4BE25999-1724-4A8B-A0CA-152E74FB3350}.Release|x64.ActiveCfg = Release|x64
		{4BE25999-1724-4A8B-A0CA-152E74FB3350}.Release|x64.Build.0 = Release|x64
		{4BE25999-1724-4A8B-A0CA-152E74FB3350}.Release|x86.ActiveCfg = Release|Win32
		{4BE25999-1724-4A8B-A0CA-152E74FB3350}.Release|x86.Build.0 = Release|Win32
		{FD07DC74-8A55-4E5F-9161-427FA341DB08}.Debug|x64.ActiveCfg = Debug|x64
		{FD07DC74-8A55-4E5F-9161-427FA341DB08}.Debug|x64.Build.0 = Debug|x64
		{FD07DC74-8A55-4E5F-9161-427FA341DB08}.Debug|x86.ActiveCfg = Debug|Win32
		{FD07DC74-8A55-4E5F-9161-427FA341DB08}.Debug|x86.Build.0 = Debug|Win32
		{FD07DC74-8A55-4E5F-9161-427FA341DB08}.Release|x64.ActiveCfg = Release|x64
		{FD07DC74-8A55-4E5F-9161-427FA341DB08}.Release|x64.Build.0 = Release|x64
		{FD07DC74-8A55-4E5F-9161-427FA341DB08}.Release|x86.ActiveCfg = Release|Win32
		{FD07DC74-8A55-4E5F-9161-427FA341DB08}.Release|x86.Build.0 = Release|Win32
		{7F247BB0-70C7-497D-9E3D-63F647B081E7}.Debug|x64.ActiveCfg = Debug|x64
		{7F247BB0-70C7-497D-9E3D-63F647B081E7}.Debug|x64.Build.0 = Debug|x64
		{7F247BB0-70C7-497D-9E3D-63F647B081E7}.Debug|x86.ActiveCfg = Debug|Win32
		{7F247BB0-70C7-497D-9E3D-63F647B081E7}.Debug|x86.Build.0 = Debug|Win32
		{7F247BB0-70C7-497D-9E3D-63F647B081E7}.Release|x64.ActiveCfg = Release|x64
		{7F247BB0-70C7-497D-9E3D-63F647B081E7}.Release|x64.Build.0 = Release|x64
		{7F247BB0-70C7-497D-9E3D-63F647B081E7}.Release|x86.ActiveCfg = Release|Win32
		{7F247BB0-70C7-497D-9E3D-63F647B081E7}.Release|x86.Build.0 = Release|Win32
		{46219136-3BC3-4DBE-B178-3ABE8920C1C2}.Debug|x64.ActiveCfg = Debug|x64
		{46219136-3BC3-4DBE-B178-3ABE8920C1C2}.Debug|x64.Build.0 = Debug|x64
		{46219136-3BC3-4DBE-B178-3ABE8920C1C2}.Debug|x86.ActiveCfg = Debug|Win32
		{46219136-3BC3-4DBE-B178-3ABE8920C1C2}.Debug|x86.Build.0 = Debug|Win32
		{46219136-3BC3-4DBE-B178-3ABE8920C1C2}.Release|x64.ActiveCfg = Release|x64
		{46219136-3BC3-4DBE-B178-3ABE8920C1C2}.Release|x64.Build.0 = Release|x64
		{46219136-3BC3-4DBE-B178-3ABE8920C1C2}.Release|x86.ActiveCfg = Release|Win32
		{46219136-3BC3-4DBE-B178-3ABE8920C1C2}.Release|x86.Build.0 = Release|Win32
		{26CCD963-E2ED-4D50-BB42-872F522FD3D9}.Debug|x64.ActiveCfg = Debug|x64
		{26CCD963-E2ED-4D50-BB42-872F522FD3D9}.Debug|x64.Build.0 = Debug|x64
		{26CCD963-E2ED-4D50-BB42-872F522FD3D9}.Debug|x86.ActiveCfg = Debug|Win32
		{26CCD963-E2ED-4D50-BB42-872F522FD3D9}.Debug|x86.Build.0 = Debug|Win32
		{26CCD963-E2ED-4D50-BB42-872F522FD3D9}.Release|x64.ActiveCfg = Release|x64
		{26CCD963-E2ED-4D50-BB42-872F522FD3D9}.Release|x64.Build.0 = Release|x64
		{26CCD963-E2ED-4D50-BB42-872F522FD3D9}.Release|x86.ActiveCfg = Release|Win32
		{26CCD963-E2ED-4D50-BB42-872F522FD3D9}.Release|x86.Build.0 = Release|Win32
		{5A31789B-D59C-49B1-903B-5456C3D9F654}.Debug|x64.ActiveCfg = Debug|x64
		{5A31789B-D59C-49B1-903B-5456C3D9F654}.Debug|x64.Build.0 = Debug|x64
		{5A31789B-D59C-49B1-903B-5456C3D9F654}.Debug|x86.ActiveCfg = Debug|Win32
		{5A31789B-D59C-49B1-903B-5456C3D9F654}.Debug|x86.Build.0 = Debug|Win32
		{5A31789B-D59C-49B1-903B-5456C3D9F654}.Release|x64.ActiveCfg = Release|x64
		{5A31789B-D59C-49B1-903B-5456C3D9F654}.Release|x64.Build.0 = Release|x64
		{5A31789B-D59C-49B1-903B-5456C3D9F654}.Release|x86.ActiveCfg = Release|Win32
		{5A31789B-D59C-49B1-903B-5456C3D9F654}.Release|x86.Build.0 = Release|Win32
		{0A4AFC36-849E-4A57-A0EE-37386207DE59}.Debug|x64.ActiveCfg = Debug|x64
		{0A4AFC36-849E-4A57-A0EE-37386207DE59}.Debug|x64.Build.0 = Debug|x64
		{0A4AFC36-849E-4A57-A0EE-37386207DE59}.Debug|x86.ActiveCfg = Debug|Win32
		{0A4AFC36-849E-4A57-A0EE-37386207DE59}.Debug|x86.Build.0 = Debug|Win32
		{0A4AFC36-849E-4A57-A0EE-37386207DE59}.Release|x64.ActiveCfg = Release|x64
		{0A4AFC36-849E-4A57-A0EE-37386207DE59}.Release|x64.Build.0 = Release|x64
		{0A4AFC36-849E-4A57-A0EE-37386207DE59}.Release|x86.ActiveCfg = Release|Win32
		{0A4AFC36-849E-4A57-A0EE-37386207DE59}.Release|x86.Build.0 = Release|Win32
		{481B7AD0-ADDC-49D4-A7D2-C476D0163243}.Debug|x64.ActiveCfg = Debug|x64
		{481B7AD0-ADDC-49D4-A7D2-C476D0163243}.Debug|x64.Build.0 = Debug|x64
		{481B7AD0-ADDC-49D4-A7D2-C476D0163243}.Debug|x86.ActiveCfg = Debug|Win32
		{481B7AD0-ADDC-49D4-A7D2-C476D0163243}.Debug|x86.Build.0 = Debug|Win32
		{481B7AD0-ADDC-49D4-A7D2-C476D0163243}.Release|x64.ActiveCfg = Release|x64
		{481B7AD0-ADDC-49D4-A7D2-C476D0163243}.Release|x64.Build.0 = Release|x64
		{481B7AD0-ADDC-49D4-A7D2-C476D0163243}.Release|x86.ActiveCfg = Release|Win32
		{481B7AD0-ADDC-49D4-A7D2-C476D0163243}.Release|x86.Build.0 = Release|Win32
		{16C1B7C4-817A-4A5D-9FD6-70B67B2BB1A5}.Debug|x64.ActiveCfg = Debug|x64
		{16C1B7C4-817A-4A5D-9FD6-70B67B2BB1A5}.Debug|x64.Build.0 = Debug|x64
		{16C1B7C4-817A-4A5D-9FD6-70B67B2BB1A5}.Debug|x86.ActiveCfg = Debug|Win32
		{16C1B7C4-817A-4A5D-9FD6-70B67B2BB1A5}.Debug|x86.Build.0 = Debug|Win32
		{16C1B7C4-817A-4A5D-9FD6-70B67B2BB1A5}.Release|x64.ActiveCfg = Release|x64
		{16C1B7C4-817A-4A5D-9FD6-70B67B2BB1A5}.Release|x64.Build.0 = Release|x64
		{16C1B7C4-817A-4A5D-9FD6-70B67B2BB1A5}.Release|x86.ActiveCfg = Release|Win32
		{16C1B7C4-817A-4A5D-9FD6-70B67B2BB1A5}.Release|x86.Build.0 = Release|Win32
		{52B60998-B036-482A-98EB-723D60D81A56}.Debug|x64.ActiveCfg = Debug|x64
		{52B60998-B036-482A-98EB-723D60D81A56}.Debug|x64.Build.0 = Debug|x64
		{52B60998-B036-482A-98EB-723D60D81A56}.Debug|x86.ActiveCfg = Debug|Win32
		{52B60998-B036-482A-98EB-723D60D81A56}.Debug|x86.Build.0 = Debug|Win32
		{52B60998-B036-482A-98EB-723D60D81A56}.Release|x64.ActiveCfg = Release|x64
		{52B60998-B036-482A-98EB-723D60D81A56}.Release|x64.Build.0 = Release|x64
		{52B60998-B036-482A-98EB-723D60D81A56}.Release|x86.ActiveCfg = Release|Win32
		{52B60998-B036-482A-98EB-723D60D81A56}.Release|x86.Build.0 = Release|Win32
		{B83BEC95-ECEA-4053-8FB4-B3E4DE1B12F1}.Debug|x64.ActiveCfg = Debug|x64
		{B83BEC95-ECEA-4053-8FB4-B3E4DE1B12F1}.Debug|x64.Build.0 = Debug|x64
		{B83BEC95-ECEA-4053-8FB4-B3E4DE1B12F1}.Debug|x86.ActiveCfg = Debug|Win32
		{B83BEC95-ECEA-4053-8FB4-B3E4DE1B12F1}.Debug|x86.Build.0 = Debug|Win32
		{B83BEC95-ECEA-4053-8FB4-B3E4DE1B12F1}.Release|x64.ActiveCfg = Release|x64
		{B83BEC95-ECEA-4053-8FB4-B3E4DE1B12F1}.Release|x64.Build.0 = Release|x64
		{B83BEC95-ECEA-4053-8FB4-B3E4DE1B12F1}.Release|x86.ActiveCfg = Release|Win32
		{B83BEC95-ECEA-4053-8FB4-B3E4DE1B12F1}.Release|x86.Build.0 = Release|Win32
		{054F001D-F88D-43A6-ADB9-A24E9BEED50E}.Debug|x64.ActiveCfg = Debug|x64
		{054F001D-F88D-43A6-ADB9-A24E9BEED50E}.Debug|x64.Build.0 = Debug|x64
		{054F001D-F88D-43A6-ADB9-A24E9BEED50E}.Debug|x86.ActiveCfg = Debug|Win32
		{054F001D-F88D-43A6-ADB9-A24E9BEED50E}.Debug|x86.Build.0 = Debug|Win32
		{054F001D-F88D-43A6-ADB9-A24E9BEED50E}.Release|x64.ActiveCfg = Release|x64
		{054F001D-F88D-43A6-ADB9-A24E9BEED50E}.Release|x64.Build.0 = Release|x64
		{054F001D-F88D-43A6-ADB9-A24E9BEED50E}.Release|x86.ActiveCfg = Release|Win32
		{054F001D-F88D-43A6-ADB9-A24E9BEED50E}.Release|x86.Build.0 = Release|Win32
		{07931907-9DEB-448F-B021-5F00837C70DD}.Debug|x64.ActiveCfg = Debug|x64
		{07931907-9DEB-448F-B021-5F00837C70DD}.Debug|x64.Build.0 = Debug|x64
		{07931907-9DEB-448F-B021-5F00837C70DD}.Debug|x86.ActiveCfg = Debug|Win32
		{07931907-9DEB-448F-B021-5F00837C70DD}.Debug|x86.Build.0 = Debug|Win32
		{07931907-9DEB-448F-B021-5F00837C70DD}.Release|x64.ActiveCfg = Release|x64
		{07931907-9DEB-448F-B021-5F00837C70DD}.Release|x64.Build.0 = Release|x64
		{07931907-9DEB-448F-B021-5F00837C70DD}.Release|x86.ActiveCfg = Release|Win32
		{07931907-9DEB-448F-B021-5F00837C70DD}.Release|x86.Build.0 = Release|Win32
	EndGlobalSection
	GlobalSection(SolutionProperties) = preSolution
		HideSolutionNode = FALSE
	EndGlobalSection
	GlobalSection(ExtensibilityGlobals) = postSolution
		SolutionGuid = {7BA0D514-DCF9-4239-9C1D-53A62481D4A8}
	EndGlobalSection
EndGlobal
